// !$*UTF8*$!
{
	archiveVersion = 1;
	classes = {
	};
	objectVersion = 56;
	objects = {

/* Begin PBXBuildFile section */
		9834FFBC2BEF966D0024F0C3 /* FruitRowView.swift in Sources */ = {isa = PBXBuildFile; fileRef = 9834FFBB2BEF966D0024F0C3 /* FruitRowView.swift */; };
		9834FFBE2BEF9A6E0024F0C3 /* FruitDetailView.swift in Sources */ = {isa = PBXBuildFile; fileRef = 9834FFBD2BEF9A6E0024F0C3 /* FruitDetailView.swift */; };
		987918812BE980DF00905C23 /* FructusApp.swift in Sources */ = {isa = PBXBuildFile; fileRef = 987918802BE980DF00905C23 /* FructusApp.swift */; };
		987918832BE980DF00905C23 /* ContentView.swift in Sources */ = {isa = PBXBuildFile; fileRef = 987918822BE980DF00905C23 /* ContentView.swift */; };
		987918852BE980E100905C23 /* Assets.xcassets in Resources */ = {isa = PBXBuildFile; fileRef = 987918842BE980E100905C23 /* Assets.xcassets */; };
		987918882BE980E100905C23 /* Preview Assets.xcassets in Resources */ = {isa = PBXBuildFile; fileRef = 987918872BE980E100905C23 /* Preview Assets.xcassets */; };
		988F01A72BEFB5760047DC07 /* FruitHeaderView.swift in Sources */ = {isa = PBXBuildFile; fileRef = 988F01A62BEFB5760047DC07 /* FruitHeaderView.swift */; };
		988F01A92BEFB8DD0047DC07 /* SourceLinkView.swift in Sources */ = {isa = PBXBuildFile; fileRef = 988F01A82BEFB8DD0047DC07 /* SourceLinkView.swift */; };
		98C8A3FD2BED4E7F0031A708 /* FruitCardView.swift in Sources */ = {isa = PBXBuildFile; fileRef = 98C8A3FC2BED4E7F0031A708 /* FruitCardView.swift */; };
		98C8A3FF2BED51EA0031A708 /* StartButtonView.swift in Sources */ = {isa = PBXBuildFile; fileRef = 98C8A3FE2BED51EA0031A708 /* StartButtonView.swift */; };
		98C8A4012BED55E20031A708 /* OnboardingView.swift in Sources */ = {isa = PBXBuildFile; fileRef = 98C8A4002BED55E20031A708 /* OnboardingView.swift */; };
		98C8A4042BED59B10031A708 /* FruitModel.swift in Sources */ = {isa = PBXBuildFile; fileRef = 98C8A4032BED59B10031A708 /* FruitModel.swift */; };
		98C8A4072BED5CFF0031A708 /* FruitData.swift in Sources */ = {isa = PBXBuildFile; fileRef = 98C8A4062BED5CFF0031A708 /* FruitData.swift */; };
/* End PBXBuildFile section */

/* Begin PBXFileReference section */
		9834FFBB2BEF966D0024F0C3 /* FruitRowView.swift */ = {isa = PBXFileReference; lastKnownFileType = sourcecode.swift; path = FruitRowView.swift; sourceTree = "<group>"; };
		9834FFBD2BEF9A6E0024F0C3 /* FruitDetailView.swift */ = {isa = PBXFileReference; lastKnownFileType = sourcecode.swift; path = FruitDetailView.swift; sourceTree = "<group>"; };
		9879187D2BE980DF00905C23 /* Fructus.app */ = {isa = PBXFileReference; explicitFileType = wrapper.application; includeInIndex = 0; path = Fructus.app; sourceTree = BUILT_PRODUCTS_DIR; };
		987918802BE980DF00905C23 /* FructusApp.swift */ = {isa = PBXFileReference; lastKnownFileType = sourcecode.swift; path = FructusApp.swift; sourceTree = "<group>"; };
		987918822BE980DF00905C23 /* ContentView.swift */ = {isa = PBXFileReference; lastKnownFileType = sourcecode.swift; path = ContentView.swift; sourceTree = "<group>"; };
		987918842BE980E100905C23 /* Assets.xcassets */ = {isa = PBXFileReference; lastKnownFileType = folder.assetcatalog; path = Assets.xcassets; sourceTree = "<group>"; };
		987918872BE980E100905C23 /* Preview Assets.xcassets */ = {isa = PBXFileReference; lastKnownFileType = folder.assetcatalog; path = "Preview Assets.xcassets"; sourceTree = "<group>"; };
		988F01A62BEFB5760047DC07 /* FruitHeaderView.swift */ = {isa = PBXFileReference; lastKnownFileType = sourcecode.swift; path = FruitHeaderView.swift; sourceTree = "<group>"; };
		988F01A82BEFB8DD0047DC07 /* SourceLinkView.swift */ = {isa = PBXFileReference; lastKnownFileType = sourcecode.swift; path = SourceLinkView.swift; sourceTree = "<group>"; };
		98C8A3FC2BED4E7F0031A708 /* FruitCardView.swift */ = {isa = PBXFileReference; lastKnownFileType = sourcecode.swift; path = FruitCardView.swift; sourceTree = "<group>"; };
		98C8A3FE2BED51EA0031A708 /* StartButtonView.swift */ = {isa = PBXFileReference; lastKnownFileType = sourcecode.swift; path = StartButtonView.swift; sourceTree = "<group>"; };
		98C8A4002BED55E20031A708 /* OnboardingView.swift */ = {isa = PBXFileReference; lastKnownFileType = sourcecode.swift; path = OnboardingView.swift; sourceTree = "<group>"; };
		98C8A4032BED59B10031A708 /* FruitModel.swift */ = {isa = PBXFileReference; lastKnownFileType = sourcecode.swift; path = FruitModel.swift; sourceTree = "<group>"; };
		98C8A4062BED5CFF0031A708 /* FruitData.swift */ = {isa = PBXFileReference; lastKnownFileType = sourcecode.swift; path = FruitData.swift; sourceTree = "<group>"; };
/* End PBXFileReference section */

/* Begin PBXFrameworksBuildPhase section */
		9879187A2BE980DF00905C23 /* Frameworks */ = {
			isa = PBXFrameworksBuildPhase;
			buildActionMask = 2147483647;
			files = (
			);
			runOnlyForDeploymentPostprocessing = 0;
		};
/* End PBXFrameworksBuildPhase section */

/* Begin PBXGroup section */
		987918742BE980DF00905C23 = {
			isa = PBXGroup;
			children = (
				9879187F2BE980DF00905C23 /* Fructus */,
				9879187E2BE980DF00905C23 /* Products */,
			);
			sourceTree = "<group>";
		};
		9879187E2BE980DF00905C23 /* Products */ = {
			isa = PBXGroup;
			children = (
				9879187D2BE980DF00905C23 /* Fructus.app */,
			);
			name = Products;
			sourceTree = "<group>";
		};
		9879187F2BE980DF00905C23 /* Fructus */ = {
			isa = PBXGroup;
			children = (
				98C8A4052BED5CE90031A708 /* Data */,
				98C8A4022BED599D0031A708 /* Model */,
				98C8A3FB2BED4E540031A708 /* View */,
				98C8A3FA2BED4E250031A708 /* App */,
				987918842BE980E100905C23 /* Assets.xcassets */,
				987918862BE980E100905C23 /* Preview Content */,
			);
			path = Fructus;
			sourceTree = "<group>";
		};
		987918862BE980E100905C23 /* Preview Content */ = {
			isa = PBXGroup;
			children = (
				987918872BE980E100905C23 /* Preview Assets.xcassets */,
			);
			path = "Preview Content";
			sourceTree = "<group>";
		};
		98C8A3FA2BED4E250031A708 /* App */ = {
			isa = PBXGroup;
			children = (
				987918802BE980DF00905C23 /* FructusApp.swift */,
				987918822BE980DF00905C23 /* ContentView.swift */,
				98C8A4002BED55E20031A708 /* OnboardingView.swift */,
				9834FFBD2BEF9A6E0024F0C3 /* FruitDetailView.swift */,
			);
			path = App;
			sourceTree = "<group>";
		};
		98C8A3FB2BED4E540031A708 /* View */ = {
			isa = PBXGroup;
			children = (
				98C8A3FC2BED4E7F0031A708 /* FruitCardView.swift */,
				98C8A3FE2BED51EA0031A708 /* StartButtonView.swift */,
				9834FFBB2BEF966D0024F0C3 /* FruitRowView.swift */,
				988F01A62BEFB5760047DC07 /* FruitHeaderView.swift */,
				988F01A82BEFB8DD0047DC07 /* SourceLinkView.swift */,
			);
			path = View;
			sourceTree = "<group>";
		};
		98C8A4022BED599D0031A708 /* Model */ = {
			isa = PBXGroup;
			children = (
				98C8A4032BED59B10031A708 /* FruitModel.swift */,
			);
			path = Model;
			sourceTree = "<group>";
		};
		98C8A4052BED5CE90031A708 /* Data */ = {
			isa = PBXGroup;
			children = (
				98C8A4062BED5CFF0031A708 /* FruitData.swift */,
			);
			path = Data;
			sourceTree = "<group>";
		};
/* End PBXGroup section */

/* Begin PBXNativeTarget section */
		9879187C2BE980DF00905C23 /* Fructus */ = {
			isa = PBXNativeTarget;
			buildConfigurationList = 9879188B2BE980E100905C23 /* Build configuration list for PBXNativeTarget "Fructus" */;
			buildPhases = (
				987918792BE980DF00905C23 /* Sources */,
				9879187A2BE980DF00905C23 /* Frameworks */,
				9879187B2BE980DF00905C23 /* Resources */,
			);
			buildRules = (
			);
			dependencies = (
			);
			name = Fructus;
			productName = Fructus;
			productReference = 9879187D2BE980DF00905C23 /* Fructus.app */;
			productType = "com.apple.product-type.application";
		};
/* End PBXNativeTarget section */

/* Begin PBXProject section */
		987918752BE980DF00905C23 /* Project object */ = {
			isa = PBXProject;
			attributes = {
				BuildIndependentTargetsInParallel = 1;
				LastSwiftUpdateCheck = 1530;
				LastUpgradeCheck = 1530;
				TargetAttributes = {
					9879187C2BE980DF00905C23 = {
						CreatedOnToolsVersion = 15.3;
					};
				};
			};
			buildConfigurationList = 987918782BE980DF00905C23 /* Build configuration list for PBXProject "Fructus" */;
			compatibilityVersion = "Xcode 14.0";
			developmentRegion = en;
			hasScannedForEncodings = 0;
			knownRegions = (
				en,
				Base,
			);
			mainGroup = 987918742BE980DF00905C23;
			productRefGroup = 9879187E2BE980DF00905C23 /* Products */;
			projectDirPath = "";
			projectRoot = "";
			targets = (
				9879187C2BE980DF00905C23 /* Fructus */,
			);
		};
/* End PBXProject section */

/* Begin PBXResourcesBuildPhase section */
		9879187B2BE980DF00905C23 /* Resources */ = {
			isa = PBXResourcesBuildPhase;
			buildActionMask = 2147483647;
			files = (
				987918882BE980E100905C23 /* Preview Assets.xcassets in Resources */,
				987918852BE980E100905C23 /* Assets.xcassets in Resources */,
			);
			runOnlyForDeploymentPostprocessing = 0;
		};
/* End PBXResourcesBuildPhase section */

/* Begin PBXSourcesBuildPhase section */
		987918792BE980DF00905C23 /* Sources */ = {
			isa = PBXSourcesBuildPhase;
			buildActionMask = 2147483647;
			files = (
				98C8A4072BED5CFF0031A708 /* FruitData.swift in Sources */,
				988F01A92BEFB8DD0047DC07 /* SourceLinkView.swift in Sources */,
				98C8A3FD2BED4E7F0031A708 /* FruitCardView.swift in Sources */,
				9834FFBC2BEF966D0024F0C3 /* FruitRowView.swift in Sources */,
				98C8A3FF2BED51EA0031A708 /* StartButtonView.swift in Sources */,
				9834FFBE2BEF9A6E0024F0C3 /* FruitDetailView.swift in Sources */,
				987918832BE980DF00905C23 /* ContentView.swift in Sources */,
				988F01A72BEFB5760047DC07 /* FruitHeaderView.swift in Sources */,
				98C8A4012BED55E20031A708 /* OnboardingView.swift in Sources */,
				98C8A4042BED59B10031A708 /* FruitModel.swift in Sources */,
				987918812BE980DF00905C23 /* FructusApp.swift in Sources */,
			);
			runOnlyForDeploymentPostprocessing = 0;
		};
/* End PBXSourcesBuildPhase section */

/* Begin XCBuildConfiguration section */
		987918892BE980E100905C23 /* Debug */ = {
			isa = XCBuildConfiguration;
			buildSettings = {
				ALWAYS_SEARCH_USER_PATHS = NO;
				ASSETCATALOG_COMPILER_GENERATE_SWIFT_ASSET_SYMBOL_EXTENSIONS = YES;
				CLANG_ANALYZER_NONNULL = YES;
				CLANG_ANALYZER_NUMBER_OBJECT_CONVERSION = YES_AGGRESSIVE;
				CLANG_CXX_LANGUAGE_STANDARD = "gnu++20";
				CLANG_ENABLE_MODULES = YES;
				CLANG_ENABLE_OBJC_ARC = YES;
				CLANG_ENABLE_OBJC_WEAK = YES;
				CLANG_WARN_BLOCK_CAPTURE_AUTORELEASING = YES;
				CLANG_WARN_BOOL_CONVERSION = YES;
				CLANG_WARN_COMMA = YES;
				CLANG_WARN_CONSTANT_CONVERSION = YES;
				CLANG_WARN_DEPRECATED_OBJC_IMPLEMENTATIONS = YES;
				CLANG_WARN_DIRECT_OBJC_ISA_USAGE = YES_ERROR;
				CLANG_WARN_DOCUMENTATION_COMMENTS = YES;
				CLANG_WARN_EMPTY_BODY = YES;
				CLANG_WARN_ENUM_CONVERSION = YES;
				CLANG_WARN_INFINITE_RECURSION = YES;
				CLANG_WARN_INT_CONVERSION = YES;
				CLANG_WARN_NON_LITERAL_NULL_CONVERSION = YES;
				CLANG_WARN_OBJC_IMPLICIT_RETAIN_SELF = YES;
				CLANG_WARN_OBJC_LITERAL_CONVERSION = YES;
				CLANG_WARN_OBJC_ROOT_CLASS = YES_ERROR;
				CLANG_WARN_QUOTED_INCLUDE_IN_FRAMEWORK_HEADER = YES;
				CLANG_WARN_RANGE_LOOP_ANALYSIS = YES;
				CLANG_WARN_STRICT_PROTOTYPES = YES;
				CLANG_WARN_SUSPICIOUS_MOVE = YES;
				CLANG_WARN_UNGUARDED_AVAILABILITY = YES_AGGRESSIVE;
				CLANG_WARN_UNREACHABLE_CODE = YES;
				CLANG_WARN__DUPLICATE_METHOD_MATCH = YES;
				COPY_PHASE_STRIP = NO;
				DEBUG_INFORMATION_FORMAT = dwarf;
				ENABLE_STRICT_OBJC_MSGSEND = YES;
				ENABLE_TESTABILITY = YES;
				ENABLE_USER_SCRIPT_SANDBOXING = YES;
				GCC_C_LANGUAGE_STANDARD = gnu17;
				GCC_DYNAMIC_NO_PIC = NO;
				GCC_NO_COMMON_BLOCKS = YES;
				GCC_OPTIMIZATION_LEVEL = 0;
				GCC_PREPROCESSOR_DEFINITIONS = (
					"DEBUG=1",
					"$(inherited)",
				);
				GCC_WARN_64_TO_32_BIT_CONVERSION = YES;
				GCC_WARN_ABOUT_RETURN_TYPE = YES_ERROR;
				GCC_WARN_UNDECLARED_SELECTOR = YES;
				GCC_WARN_UNINITIALIZED_AUTOS = YES_AGGRESSIVE;
				GCC_WARN_UNUSED_FUNCTION = YES;
				GCC_WARN_UNUSED_VARIABLE = YES;
				IPHONEOS_DEPLOYMENT_TARGET = 17.4;
				LOCALIZATION_PREFERS_STRING_CATALOGS = YES;
				MTL_ENABLE_DEBUG_INFO = INCLUDE_SOURCE;
				MTL_FAST_MATH = YES;
				ONLY_ACTIVE_ARCH = YES;
				SDKROOT = iphoneos;
				SWIFT_ACTIVE_COMPILATION_CONDITIONS = "DEBUG $(inherited)";
				SWIFT_OPTIMIZATION_LEVEL = "-Onone";
			};
			name = Debug;
		};
		9879188A2BE980E100905C23 /* Release */ = {
			isa = XCBuildConfiguration;
			buildSettings = {
				ALWAYS_SEARCH_USER_PATHS = NO;
				ASSETCATALOG_COMPILER_GENERATE_SWIFT_ASSET_SYMBOL_EXTENSIONS = YES;
				CLANG_ANALYZER_NONNULL = YES;
				CLANG_ANALYZER_NUMBER_OBJECT_CONVERSION = YES_AGGRESSIVE;
				CLANG_CXX_LANGUAGE_STANDARD = "gnu++20";
				CLANG_ENABLE_MODULES = YES;
				CLANG_ENABLE_OBJC_ARC = YES;
				CLANG_ENABLE_OBJC_WEAK = YES;
				CLANG_WARN_BLOCK_CAPTURE_AUTORELEASING = YES;
				CLANG_WARN_BOOL_CONVERSION = YES;
				CLANG_WARN_COMMA = YES;
				CLANG_WARN_CONSTANT_CONVERSION = YES;
				CLANG_WARN_DEPRECATED_OBJC_IMPLEMENTATIONS = YES;
				CLANG_WARN_DIRECT_OBJC_ISA_USAGE = YES_ERROR;
				CLANG_WARN_DOCUMENTATION_COMMENTS = YES;
				CLANG_WARN_EMPTY_BODY = YES;
				CLANG_WARN_ENUM_CONVERSION = YES;
				CLANG_WARN_INFINITE_RECURSION = YES;
				CLANG_WARN_INT_CONVERSION = YES;
				CLANG_WARN_NON_LITERAL_NULL_CONVERSION = YES;
				CLANG_WARN_OBJC_IMPLICIT_RETAIN_SELF = YES;
				CLANG_WARN_OBJC_LITERAL_CONVERSION = YES;
				CLANG_WARN_OBJC_ROOT_CLASS = YES_ERROR;
				CLANG_WARN_QUOTED_INCLUDE_IN_FRAMEWORK_HEADER = YES;
				CLANG_WARN_RANGE_LOOP_ANALYSIS = YES;
				CLANG_WARN_STRICT_PROTOTYPES = YES;
				CLANG_WARN_SUSPICIOUS_MOVE = YES;
				CLANG_WARN_UNGUARDED_AVAILABILITY = YES_AGGRESSIVE;
				CLANG_WARN_UNREACHABLE_CODE = YES;
				CLANG_WARN__DUPLICATE_METHOD_MATCH = YES;
				COPY_PHASE_STRIP = NO;
				DEBUG_INFORMATION_FORMAT = "dwarf-with-dsym";
				ENABLE_NS_ASSERTIONS = NO;
				ENABLE_STRICT_OBJC_MSGSEND = YES;
				ENABLE_USER_SCRIPT_SANDBOXING = YES;
				GCC_C_LANGUAGE_STANDARD = gnu17;
				GCC_NO_COMMON_BLOCKS = YES;
				GCC_WARN_64_TO_32_BIT_CONVERSION = YES;
				GCC_WARN_ABOUT_RETURN_TYPE = YES_ERROR;
				GCC_WARN_UNDECLARED_SELECTOR = YES;
				GCC_WARN_UNINITIALIZED_AUTOS = YES_AGGRESSIVE;
				GCC_WARN_UNUSED_FUNCTION = YES;
				GCC_WARN_UNUSED_VARIABLE = YES;
				IPHONEOS_DEPLOYMENT_TARGET = 17.4;
				LOCALIZATION_PREFERS_STRING_CATALOGS = YES;
				MTL_ENABLE_DEBUG_INFO = NO;
				MTL_FAST_MATH = YES;
				SDKROOT = iphoneos;
				SWIFT_COMPILATION_MODE = wholemodule;
				VALIDATE_PRODUCT = YES;
			};
			name = Release;
		};
		9879188C2BE980E100905C23 /* Debug */ = {
			isa = XCBuildConfiguration;
			buildSettings = {
				ASSETCATALOG_COMPILER_APPICON_NAME = AppIcon;
				ASSETCATALOG_COMPILER_GLOBAL_ACCENT_COLOR_NAME = AccentColor;
				CODE_SIGN_STYLE = Automatic;
				CURRENT_PROJECT_VERSION = 1;
				DEVELOPMENT_ASSET_PATHS = "\"Fructus/Preview Content\"";
				DEVELOPMENT_TEAM = HXGGE8M769;
				ENABLE_PREVIEWS = YES;
				GENERATE_INFOPLIST_FILE = YES;
				INFOPLIST_KEY_UIApplicationSceneManifest_Generation = YES;
				INFOPLIST_KEY_UIApplicationSupportsIndirectInputEvents = YES;
				INFOPLIST_KEY_UILaunchScreen_Generation = YES;
				INFOPLIST_KEY_UISupportedInterfaceOrientations = UIInterfaceOrientationPortrait;
				INFOPLIST_KEY_UISupportedInterfaceOrientations_iPad = "UIInterfaceOrientationLandscapeLeft UIInterfaceOrientationLandscapeRight UIInterfaceOrientationPortrait UIInterfaceOrientationPortraitUpsideDown";
				LD_RUNPATH_SEARCH_PATHS = (
					"$(inherited)",
					"@executable_path/Frameworks",
				);
				MARKETING_VERSION = 1.0;
				PRODUCT_BUNDLE_IDENTIFIER = com.leoStudies.Fructus;
				PRODUCT_NAME = "$(TARGET_NAME)";
				SWIFT_EMIT_LOC_STRINGS = YES;
				SWIFT_VERSION = 5.0;
				TARGETED_DEVICE_FAMILY = "1,2";
			};
			name = Debug;
		};
		9879188D2BE980E100905C23 /* Release */ = {
			isa = XCBuildConfiguration;
			buildSettings = {
				ASSETCATALOG_COMPILER_APPICON_NAME = AppIcon;
				ASSETCATALOG_COMPILER_GLOBAL_ACCENT_COLOR_NAME = AccentColor;
				CODE_SIGN_STYLE = Automatic;
				CURRENT_PROJECT_VERSION = 1;
				DEVELOPMENT_ASSET_PATHS = "\"Fructus/Preview Content\"";
				DEVELOPMENT_TEAM = HXGGE8M769;
				ENABLE_PREVIEWS = YES;
				GENERATE_INFOPLIST_FILE = YES;
				INFOPLIST_KEY_UIApplicationSceneManifest_Generation = YES;
				INFOPLIST_KEY_UIApplicationSupportsIndirectInputEvents = YES;
				INFOPLIST_KEY_UILaunchScreen_Generation = YES;
				INFOPLIST_KEY_UISupportedInterfaceOrientations = UIInterfaceOrientationPortrait;
				INFOPLIST_KEY_UISupportedInterfaceOrientations_iPad = "UIInterfaceOrientationLandscapeLeft UIInterfaceOrientationLandscapeRight UIInterfaceOrientationPortrait UIInterfaceOrientationPortraitUpsideDown";
				LD_RUNPATH_SEARCH_PATHS = (
					"$(inherited)",
					"@executable_path/Frameworks",
				);
				MARKETING_VERSION = 1.0;
				PRODUCT_BUNDLE_IDENTIFIER = com.leoStudies.Fructus;
				PRODUCT_NAME = "$(TARGET_NAME)";
				SWIFT_EMIT_LOC_STRINGS = YES;
				SWIFT_VERSION = 5.0;
				TARGETED_DEVICE_FAMILY = "1,2";
			};
			name = Release;
		};
/* End XCBuildConfiguration section */

/* Begin XCConfigurationList section */
		987918782BE980DF00905C23 /* Build configuration list for PBXProject "Fructus" */ = {
			isa = XCConfigurationList;
			buildConfigurations = (
				987918892BE980E100905C23 /* Debug */,
				9879188A2BE980E100905C23 /* Release */,
			);
			defaultConfigurationIsVisible = 0;
			defaultConfigurationName = Release;
		};
		9879188B2BE980E100905C23 /* Build configuration list for PBXNativeTarget "Fructus" */ = {
			isa = XCConfigurationList;
			buildConfigurations = (
				9879188C2BE980E100905C23 /* Debug */,
				9879188D2BE980E100905C23 /* Release */,
			);
			defaultConfigurationIsVisible = 0;
			defaultConfigurationName = Release;
		};
/* End XCConfigurationList section */
	};
	rootObject = 987918752BE980DF00905C23 /* Project object */;
}
